hash: 9644c42725b5eacf54615aeddfdee0cf7fad7398947f7a5088ca58ea7cf73fa1
updated: 2019-03-20T10:59:24.091458096-04:00
imports:
- name: github.com/arschles/assert
  version: bb58b908265b5931732079df03f2818bf2167ba0
- name: github.com/docopt/docopt-go
  version: ee0de3bc6815ee19d4a46c7eb90f829db0e014b1
- name: github.com/goware/urlx
  version: 4fc201f7f862af2abfaca0c2904be15ea0037a34
- name: github.com/mattn/go-runewidth
  version: 703b5e6b11ae25aeb2af9ebb5d5fdf8fa2575211
- name: github.com/olekukonko/tablewriter
  version: f82d31373321de71ad0289113725564fe180a301
- name: github.com/PuerkitoBio/purell
  version: 44968752391892e1b0d0b821ee79e9a85fa13049
- name: github.com/PuerkitoBio/urlesc
  version: de5bf2ad457846296e2031421a34e2568e304e35
- name: github.com/teamhephy/controller-sdk-go
  version: a1ffb4886a5f7f92fdd710b99e68c2555b74a703
  subpackages:
  - api
  - apps
  - appsettings
  - auth
  - builds
  - certs
  - config
  - domains
  - keys
  - perms
  - pkg/time
  - ps
  - releases
  - services
  - tls
  - users
  - whitelist
- name: github.com/teamhephy/pkg
  version: 777f37a30108edaf6a2bd4e423cde34ec12870fd
  subpackages:
  - prettyprint
  - time
- name: golang.org/x/crypto
  version: a1f597ede03a7bef967a422b5b3a5bd08805a01e
  subpackages:
  - ssh/terminal
- name: golang.org/x/net
  version: c2528b2dd8352441850638a8bb678c2ad056fd3e
  subpackages:
  - context
  - idna
- name: golang.org/x/sys
  version: 6c81ef8f67ca3f42fc9cd71dfbd5f35b0c4b5771
  subpackages:
  - unix
  - windows
- name: golang.org/x/text
  version: 5d731a35f4867878fc89f7744f7b6debb3beded6
  subpackages:
  - transform
  - unicode/norm
  - width
- name: gopkg.in/yaml.v2
  version: 51d6538a90f86fe93ac480b35f37b2be17fef232
testImports: []
