github.com/PuerkitoBio/purell v1.1.1 h1:WEQqlqaGbrPkxLJWfBwQmfEAE1Z7ONdDLqrN38tNFfI=
github.com/PuerkitoBio/purell v1.1.1/go.mod h1:c11w/QuzBsJSee3cPx9rAFu61PvFxuPbtSwDGJws/X0=
github.com/PuerkitoBio/urlesc v0.0.0-20170810143723-de5bf2ad4578 h1:d+Bc7a5rLufV/sSk/8dngufqelfh6jnri85riMAaF/M=
github.com/PuerkitoBio/urlesc v0.0.0-20170810143723-de5bf2ad4578/go.mod h1:uGdkoq3SwY9Y+13GIhn11/XLaGBb4BfwItxLd5jeuXE=
github.com/arschles/assert v1.0.0 h1:NofQbRhtxcLgP+XoKunA7J6UMJNTqX7xR/19tej8UsA=
github.com/arschles/assert v1.0.0/go.mod h1:m/u69zW43x0h8dTHcv3JJZljINyEYgBuf5fYJP6WikI=
github.com/docopt/docopt-go v0.0.0-20180111231733-ee0de3bc6815 h1:bWDMxwH3px2JBh6AyO7hdCn/PkvCZXii8TGj7sbtEbQ=
github.com/docopt/docopt-go v0.0.0-20180111231733-ee0de3bc6815/go.mod h1:WwZ+bS3ebgob9U8Nd0kOddGdZWjyMGR8Wziv+TBNwSE=
github.com/engineyard/workflow-cli v2.21.6+incompatible h1:FbY2A2qhh+0mJFwo72dRuDuHSIeXOHsMHkNNXj9Ivfo=
github.com/engineyard/workflow-cli v2.21.6+incompatible/go.mod h1:g/8827KbjWp70C3zNBNO1zRrojTadJHF6RyHps4aLR0=
github.com/goware/urlx v0.2.0 h1:E4bW8qSmhUgJ7Z5qY93mfN+IiUPXi66iua1Wza0wP7I=
github.com/goware/urlx v0.2.0/go.mod h1:h8uwbJy68o+tQXCGZNa9D73WN8n0r9OBae5bUnLcgjw=
github.com/mattn/go-runewidth v0.0.5-0.20181218000649-703b5e6b11ae h1:575usOHCDzxtuyWeSjPySew7uvoOuaCsM0uUesjgAo4=
github.com/mattn/go-runewidth v0.0.5-0.20181218000649-703b5e6b11ae/go.mod h1:H031xJmbD/WCDINGzjvQ9THkh0rPKHF+m2gUSrubnMI=
github.com/olekukonko/tablewriter v0.0.2-0.20190315073140-f82d31373321 h1:0hahWi8MEE4jsIFWkfq6maW2Vyy/VrsxD3yuBUGE9aU=
github.com/olekukonko/tablewriter v0.0.2-0.20190315073140-f82d31373321/go.mod h1:vsDQFd/mU46D+Z4whnwzcISnGGzXWMclvtLoiIKAKIo=
github.com/teamhephy/controller-sdk-go v0.0.0-20181015154232-a1ffb4886a5f h1:n08Hb/jOUPGTuCc+vgSDYCEGdjl6BMwmNk9v2jI1RGY=
github.com/teamhephy/controller-sdk-go v0.0.0-20181015154232-a1ffb4886a5f/go.mod h1:UCjog0+wgw7B0yZqCAbgbQ1MWlUhGnDq+Us5S585mS8=
github.com/teamhephy/pkg v0.5.1-0.20180912202400-777f37a30108 h1:bKjBM1VmCYluaeNE8+TrnrQHNTiXSDGMElYwsS9pXOc=
github.com/teamhephy/pkg v0.5.1-0.20180912202400-777f37a30108/go.mod h1:zCgZSasZSWew9pwyveP9KHZHPJA0hIR8d7G1cRNeWjs=
github.com/teamhephy/workflow-cli v2.21.6+incompatible h1:ATMrcDxVBgQkY6cXX6L5J45BovYAf0k1EUKzfjab8OI=
github.com/teamhephy/workflow-cli v2.21.6+incompatible/go.mod h1:hWQqFIYwnLqoJptmEtxUXg9U9OfXQXqoqb4oVtZNxaw=
golang.org/x/crypto v0.0.0-20190313024323-a1f597ede03a h1:YX8ljsm6wXlHZO+aRz9Exqr0evNhKRNe5K/gi+zKh4U=
golang.org/x/crypto v0.0.0-20190313024323-a1f597ede03a/go.mod h1:djNgcEr1/C05ACkg1iLfiJU5Ep61QUkGW8qpdssI0+w=
golang.org/x/net v0.0.0-20150927182833-c2528b2dd835/go.mod h1:mL1N/T3taQHkDXs73rZJwtUhF3w3ftmwwsq0BUmARs4=
golang.org/x/net v0.0.0-20190213061140-3a22650c66bd h1:HuTn7WObtcDo9uEEU7rEqL0jYthdXAmZ6PP+meazmaU=
golang.org/x/net v0.0.0-20190213061140-3a22650c66bd/go.mod h1:mL1N/T3taQHkDXs73rZJwtUhF3w3ftmwwsq0BUmARs4=
golang.org/x/sys v0.0.0-20190215142949-d0b11bdaac8a/go.mod h1:STP8DvDyc/dI5b8T5hshtkjS+E42TnysNCUPdjciGhY=
golang.org/x/sys v0.0.0-20190318195719-6c81ef8f67ca h1:o2TLx1bGN3W+Ei0EMU5fShLupLmTOU95KvJJmfYhAzM=
golang.org/x/sys v0.0.0-20190318195719-6c81ef8f67ca/go.mod h1:h1NjWce9XRLGQEsW7wpKNCjG9DtNlClVuFLEZdDNbEs=
golang.org/x/text v0.3.0/go.mod h1:NqM8EUOU14njkJ3fqMW+pc6Ldnwhi/IjpwHt7yyuwOQ=
golang.org/x/text v0.3.1-0.20190306152657-5d731a35f486 h1:P+mxexkTaJcGUGJvhMOcX3RqL1gnMVLE6/OH21BCJeE=
golang.org/x/text v0.3.1-0.20190306152657-5d731a35f486/go.mod h1:bEr9sfX3Q8Zfm5fL9x+3itogRgK3+ptLWKqgva+5dAk=
golang.org/x/tools v0.0.0-20180917221912-90fa682c2a6e/go.mod h1:n7NCudcB/nEzxVGmLbDWY5pfWTLqBcC2KZ6jyYvM4mQ=
gopkg.in/check.v1 v0.0.0-20161208181325-20d25e280405/go.mod h1:Co6ibVJAznAaIkqp8huTwlJQCZ016jof/cbN4VW5Yz0=
gopkg.in/yaml.v2 v2.2.2 h1:ZCJp+EgiOT7lHqUV2J862kp8Qj64Jo6az82+3Td9dZw=
gopkg.in/yaml.v2 v2.2.2/go.mod h1:hI93XBmqTisBFMUTm0b8Fm+jr3Dg1NNxqwp+5A1VGuI=
